
Microsoft Visual Studio Solution File, Format Version 12.00
# Visual Studio Version 16
VisualStudioVersion = 16.0.29613.14
MinimumVisualStudioVersion = 10.0.40219.1
Project("{FAE04EC0-301F-11D3-BF4B-00C04F79EFBC}") = "PartialTagHelper_Demo", "PartialTagHelper_Demo\PartialTagHelper_Demo.csproj", "{511CAF8D-34AB-457E-A172-B263B7F5B238}"
EndProject
Global
	GlobalSection(SolutionConfigurationPlatforms) = preSolution
		Debug|Any CPU = Debug|Any CPU
		Release|Any CPU = Release|Any CPU
	EndGlobalSection
	GlobalSection(ProjectConfigurationPlatforms) = postSolution
		{511CAF8D-34AB-457E-A172-B263B7F5B238}.Debug|Any CPU.ActiveCfg = Debug|Any CPU
		{511CAF8D-34AB-457E-A172-B263B7F5B238}.Debug|Any CPU.Build.0 = Debug|Any CPU
		{511CAF8D-34AB-457E-A172-B263B7F5B238}.Release|Any CPU.ActiveCfg = Release|Any CPU
		{511CAF8D-34AB-457E-A172-B263B7F5B238}.Release|Any CPU.Build.0 = Release|Any CPU
	EndGlobalSection
	GlobalSection(SolutionProperties) = preSolution
		HideSolutionNode = FALSE
	EndGlobalSection
	GlobalSection(ExtensibilityGlobals) = postSolution
		SolutionGuid = {A386FAC1-6959-4364-B8D1-2941ADF2645F}
	EndGlobalSection
EndGlobal
